{
  "forgeVersion": "v0.3.0-pre.89c843c88",
  "node": {
    "minMajor": 24,
    "engines": ">=24"
  },
  "provenance": {
    "origin": "local build",
    "built_from": "v03/integra@89c843c88",
    "built_at": "2026-09-09T22:12:37Z",
    "built_on": "ms-s1",
    "why": "The branch these images carry has not been merged or promoted, so the registry digests for this release do not contain the features this demo exists to show. Building locally is the deliberate answer (decision of 2026-08-31); pinning the registry today would give a lock that is honest about bytes and unable to run the demo.",
    "restamp": "OBLIGATION, NOT A REMINDER: the first real deploy of this instance replaces every ref below with a registry digest from a promoted Forge release, and this whole block goes with them. A lock that still says `local build` on a box anyone else can reach is a box nobody can reproduce.",
    "how": "bash bin/build-local.sh <path to the forge monorepo> — rebuilds the four images here and rewrites this file."
  },
  "composition": {
    "id": "demo-instance",
    "apps": [
      "demo-gate",
      "demo-setup",
      "payment-pos",
      "banners",
      "channel-push",
      "channel-sms-twilio",
      "channel-whatsapp",
      "chrome",
      "content",
      "demo-data",
      "feed",
      "leads",
      "order-review",
      "payment-mercadopago",
      "payment-promissory",
      "payment-reference",
      "payment-zero",
      "recommendations",
      "redirects",
      "review-digest-agent",
      "reviews",
      "shelves",
      "subscriptions"
    ]
  },
  "images": {
    "kernel": "forge-demo-kernel@sha256:e16aa29090e7b09f38e85168e25b2a76ab550d165730aa21869fdc59228ee3d5",
    "storefront": "forge-demo-storefront@sha256:aa231a15e3e37ca224c7ffe569494908a96c9fb8968fe463f75859d14a6ff254",
    "checkout": "forge-demo-checkout@sha256:923835d0ddb50e44d229d5d53b3b21a3bc8b087f030c8aa36ab201f86a05beba",
    "admin": "forge-demo-admin@sha256:c944619301f723cd39f44a9b6cbcb1a3631675fe566ae572acddcd023d19ead1"
  },
  "extensions": [],
  "dataset": {
    "source": "instances/demo/dataset",
    "id": "demo",
    "catalog": {
      "version": "cb141ba11d2aecaa",
      "totalBytes": 41291055
    },
    "photos": {
      "version": "9aa8af0d782b82ec",
      "totalBytes": 3627725256
    }
  },
  "offerable": false,
  "why_not_offerable": "This image composes an app that belongs to THIS box (see `instanceApps` in composition.json). Forge stamps such an image not-offerable and its release gate refuses to promote one: an image carrying one customer's app must never be handed to another. That is a property of what this box asked for, not a defect."
}
